
Microsoft Visual Studio Solution File, Format Version 12.00
# Visual Studio 2012
Project("{FAE04EC0-301F-11D3-BF4B-00C04F79EFBC}") = "WebApiSecurity.SecureWebApi", "WebApiSecurity.SecureWebApi\WebApiSecurity.SecureWebApi.csproj", "{15226E66-1A8D-4442-B617-8B9F150CE85A}"
EndProject
Global
	GlobalSection(SolutionConfigurationPlatforms) = preSolution
		Debug|Any CPU = Debug|Any CPU
		Release|Any CPU = Release|Any CPU
	EndGlobalSection
	GlobalSection(ProjectConfigurationPlatforms) = postSolution
		{15226E66-1A8D-4442-B617-8B9F150CE85A}.Debug|Any CPU.ActiveCfg = Debug|Any CPU
		{15226E66-1A8D-4442-B617-8B9F150CE85A}.Debug|Any CPU.Build.0 = Debug|Any CPU
		{15226E66-1A8D-4442-B617-8B9F150CE85A}.Release|Any CPU.ActiveCfg = Release|Any CPU
		{15226E66-1A8D-4442-B617-8B9F150CE85A}.Release|Any CPU.Build.0 = Release|Any CPU
	EndGlobalSection
EndGlobal
